// !$*UTF8*$!
{
	archiveVersion = 1;
	classes = {
	};
	objectVersion = 46;
	objects = {

/* Begin PBXBuildFile section */
		453682641C305709009DA8A7 /* BillsTableViewCell.swift in Sources */ = {isa = PBXBuildFile; fileRef = 453682631C305709009DA8A7 /* BillsTableViewCell.swift */; };
		453682661C307756009DA8A7 /* BillsInfoViewController.swift in Sources */ = {isa = PBXBuildFile; fileRef = 453682651C307756009DA8A7 /* BillsInfoViewController.swift */; };
		4566F9241C2B54D500B1A40F /* BillsTableViewController.swift in Sources */ = {isa = PBXBuildFile; fileRef = 4566F9231C2B54D500B1A40F /* BillsTableViewController.swift */; };
		4566F9271C2B558E00B1A40F /* PastBills.plist in Resources */ = {isa = PBXBuildFile; fileRef = 4566F9261C2B558E00B1A40F /* PastBills.plist */; };
		457AAF551C20E36E005B3841 /* AppDelegate.swift in Sources */ = {isa = PBXBuildFile; fileRef = 457AAF541C20E36E005B3841 /* AppDelegate.swift */; };
		457AAF571C20E36E005B3841 /* ViewController.swift in Sources */ = {isa = PBXBuildFile; fileRef = 457AAF561C20E36E005B3841 /* ViewController.swift */; };
		457AAF5A1C20E36E005B3841 /* Main.storyboard in Resources */ = {isa = PBXBuildFile; fileRef = 457AAF581C20E36E005B3841 /* Main.storyboard */; };
		457AAF5C1C20E36E005B3841 /* Assets.xcassets in Resources */ = {isa = PBXBuildFile; fileRef = 457AAF5B1C20E36E005B3841 /* Assets.xcassets */; };
		457AAF5F1C20E36E005B3841 /* LaunchScreen.storyboard in Resources */ = {isa = PBXBuildFile; fileRef = 457AAF5D1C20E36E005B3841 /* LaunchScreen.storyboard */; };
		457AAF6A1C20E36E005B3841 /* Tip_CalculatorTests.swift in Sources */ = {isa = PBXBuildFile; fileRef = 457AAF691C20E36E005B3841 /* Tip_CalculatorTests.swift */; };
		457AAF751C20E36F005B3841 /* Tip_CalculatorUITests.swift in Sources */ = {isa = PBXBuildFile; fileRef = 457AAF741C20E36F005B3841 /* Tip_CalculatorUITests.swift */; };
/* End PBXBuildFile section */

/* Begin PBXContainerItemProxy section */
		457AAF661C20E36E005B3841 /* PBXContainerItemProxy */ = {
			isa = PBXContainerItemProxy;
			containerPortal = 457AAF491C20E36D005B3841 /* Project object */;
			proxyType = 1;
			remoteGlobalIDString = 457AAF501C20E36D005B3841;
			remoteInfo = "Tip Calculator";
		};
		457AAF711C20E36F005B3841 /* PBXContainerItemProxy */ = {
			isa = PBXContainerItemProxy;
			containerPortal = 457AAF491C20E36D005B3841 /* Project object */;
			proxyType = 1;
			remoteGlobalIDString = 457AAF501C20E36D005B3841;
			remoteInfo = "Tip Calculator";
		};
/* End PBXContainerItemProxy section */

/* Begin PBXFileReference section */
		453682631C305709009DA8A7 /* BillsTableViewCell.swift */ = {isa = PBXFileReference; fileEncoding = 4; lastKnownFileType = sourcecode.swift; path = BillsTableViewCell.swift; sourceTree = "<group>"; };
		453682651C307756009DA8A7 /* BillsInfoViewController.swift */ = {isa = PBXFileReference; fileEncoding = 4; lastKnownFileType = sourcecode.swift; path = BillsInfoViewController.swift; sourceTree = "<group>"; };
		4566F9231C2B54D500B1A40F /* BillsTableViewController.swift */ = {isa = PBXFileReference; fileEncoding = 4; lastKnownFileType = sourcecode.swift; path = BillsTableViewController.swift; sourceTree = "<group>"; };
		4566F9261C2B558E00B1A40F /* PastBills.plist */ = {isa = PBXFileReference; fileEncoding = 4; lastKnownFileType = text.plist.xml; path = PastBills.plist; sourceTree = "<group>"; };
		457AAF511C20E36E005B3841 /* Tip Calculator.app */ = {isa = PBXFileReference; explicitFileType = wrapper.application; includeInIndex = 0; path = "Tip Calculator.app"; sourceTree = BUILT_PRODUCTS_DIR; };
		457AAF541C20E36E005B3841 /* AppDelegate.swift */ = {isa = PBXFileReference; lastKnownFileType = sourcecode.swift; path = AppDelegate.swift; sourceTree = "<group>"; };
		457AAF561C20E36E005B3841 /* ViewController.swift */ = {isa = PBXFileReference; lastKnownFileType = sourcecode.swift; path = ViewController.swift; sourceTree = "<group>"; };
		457AAF591C20E36E005B3841 /* Base */ = {isa = PBXFileReference; lastKnownFileType = file.storyboard; name = Base; path = Base.lproj/Main.storyboard; sourceTree = "<group>"; };
		457AAF5B1C20E36E005B3841 /* Assets.xcassets */ = {isa = PBXFileReference; lastKnownFileType = folder.assetcatalog; path = Assets.xcassets; sourceTree = "<group>"; };
		457AAF5E1C20E36E005B3841 /* Base */ = {isa = PBXFileReference; lastKnownFileType = file.storyboard; name = Base; path = Base.lproj/LaunchScreen.storyboard; sourceTree = "<group>"; };
		457AAF601C20E36E005B3841 /* Info.plist */ = {isa = PBXFileReference; lastKnownFileType = text.plist.xml; path = Info.plist; sourceTree = "<group>"; };
		457AAF651C20E36E005B3841 /* Tip CalculatorTests.xctest */ = {isa = PBXFileReference; explicitFileType = wrapper.cfbundle; includeInIndex = 0; path = "Tip CalculatorTests.xctest"; sourceTree = BUILT_PRODUCTS_DIR; };
		457AAF691C20E36E005B3841 /* Tip_CalculatorTests.swift */ = {isa = PBXFileReference; lastKnownFileType = sourcecode.swift; path = Tip_CalculatorTests.swift; sourceTree = "<group>"; };
		457AAF6B1C20E36E005B3841 /* Info.plist */ = {isa = PBXFileReference; lastKnownFileType = text.plist.xml; path = Info.plist; sourceTree = "<group>"; };
		457AAF701C20E36F005B3841 /* Tip CalculatorUITests.xctest */ = {isa = PBXFileReference; explicitFileType = wrapper.cfbundle; includeInIndex = 0; path = "Tip CalculatorUITests.xctest"; sourceTree = BUILT_PRODUCTS_DIR; };
		457AAF741C20E36F005B3841 /* Tip_CalculatorUITests.swift */ = {isa = PBXFileReference; lastKnownFileType = sourcecode.swift; path = Tip_CalculatorUITests.swift; sourceTree = "<group>"; };
		457AAF761C20E36F005B3841 /* Info.plist */ = {isa = PBXFileReference; lastKnownFileType = text.plist.xml; path = Info.plist; sourceTree = "<group>"; };
/* End PBXFileReference section */

/* Begin PBXFrameworksBuildPhase section */
		457AAF4E1C20E36D005B3841 /* Frameworks */ = {
			isa = PBXFrameworksBuildPhase;
			buildActionMask = 2147483647;
			files = (
			);
			runOnlyForDeploymentPostprocessing = 0;
		};
		457AAF621C20E36E005B3841 /* Frameworks */ = {
			isa = PBXFrameworksBuildPhase;
			buildActionMask = 2147483647;
			files = (
			);
			runOnlyForDeploymentPostprocessing = 0;
		};
		457AAF6D1C20E36E005B3841 /* Frameworks */ = {
			isa = PBXFrameworksBuildPhase;
			buildActionMask = 2147483647;
			files = (
			);
			runOnlyForDeploymentPostprocessing = 0;
		};
/* End PBXFrameworksBuildPhase section */

/* Begin PBXGroup section */
		4566F9251C2B555600B1A40F /* ViewControllers */ = {
			isa = PBXGroup;
			children = (
				457AAF561C20E36E005B3841 /* ViewController.swift */,
				4566F9231C2B54D500B1A40F /* BillsTableViewController.swift */,
				453682631C305709009DA8A7 /* BillsTableViewCell.swift */,
				453682651C307756009DA8A7 /* BillsInfoViewController.swift */,
			);
			name = ViewControllers;
			sourceTree = "<group>";
		};
		457AAF481C20E36D005B3841 = {
			isa = PBXGroup;
			children = (
				457AAF531C20E36E005B3841 /* Tip Calculator */,
				457AAF681C20E36E005B3841 /* Tip CalculatorTests */,
				457AAF731C20E36F005B3841 /* Tip CalculatorUITests */,
				457AAF521C20E36E005B3841 /* Products */,
			);
			sourceTree = "<group>";
		};
		457AAF521C20E36E005B3841 /* Products */ = {
			isa = PBXGroup;
			children = (
				457AAF511C20E36E005B3841 /* Tip Calculator.app */,
				457AAF651C20E36E005B3841 /* Tip CalculatorTests.xctest */,
				457AAF701C20E36F005B3841 /* Tip CalculatorUITests.xctest */,
			);
			name = Products;
			sourceTree = "<group>";
		};
		457AAF531C20E36E005B3841 /* Tip Calculator */ = {
			isa = PBXGroup;
			children = (
				457AAF541C20E36E005B3841 /* AppDelegate.swift */,
				4566F9261C2B558E00B1A40F /* PastBills.plist */,
				4566F9251C2B555600B1A40F /* ViewControllers */,
				457AAF581C20E36E005B3841 /* Main.storyboard */,
				457AAF5B1C20E36E005B3841 /* Assets.xcassets */,
				457AAF5D1C20E36E005B3841 /* LaunchScreen.storyboard */,
				457AAF601C20E36E005B3841 /* Info.plist */,
			);
			path = "Tip Calculator";
			sourceTree = "<group>";
		};
		457AAF681C20E36E005B3841 /* Tip CalculatorTests */ = {
			isa = PBXGroup;
			children = (
				457AAF691C20E36E005B3841 /* Tip_CalculatorTests.swift */,
				457AAF6B1C20E36E005B3841 /* Info.plist */,
			);
			path = "Tip CalculatorTests";
			sourceTree = "<group>";
		};
		457AAF731C20E36F005B3841 /* Tip CalculatorUITests */ = {
			isa = PBXGroup;
			children = (
				457AAF741C20E36F005B3841 /* Tip_CalculatorUITests.swift */,
				457AAF761C20E36F005B3841 /* Info.plist */,
			);
			path = "Tip CalculatorUITests";
			sourceTree = "<group>";
		};
/* End PBXGroup section */

/* Begin PBXNativeTarget section */
		457AAF501C20E36D005B3841 /* Tip Calculator */ = {
			isa = PBXNativeTarget;
			buildConfigurationList = 457AAF791C20E36F005B3841 /* Build configuration list for PBXNativeTarget "Tip Calculator" */;
			buildPhases = (
				457AAF4D1C20E36D005B3841 /* Sources */,
				457AAF4E1C20E36D005B3841 /* Frameworks */,
				457AAF4F1C20E36D005B3841 /* Resources */,
			);
			buildRules = (
			);
			dependencies = (
			);
			name = "Tip Calculator";
			productName = "Tip Calculator";
			productReference = 457AAF511C20E36E005B3841 /* Tip Calculator.app */;
			productType = "com.apple.product-type.application";
		};
		457AAF641C20E36E005B3841 /* Tip CalculatorTests */ = {
			isa = PBXNativeTarget;
			buildConfigurationList = 457AAF7C1C20E36F005B3841 /* Build configuration list for PBXNativeTarget "Tip CalculatorTests" */;
			buildPhases = (
				457AAF611C20E36E005B3841 /* Sources */,
				457AAF621C20E36E005B3841 /* Frameworks */,
				457AAF631C20E36E005B3841 /* Resources */,
			);
			buildRules = (
			);
			dependencies = (
				457AAF671C20E36E005B3841 /* PBXTargetDependency */,
			);
			name = "Tip CalculatorTests";
			productName = "Tip CalculatorTests";
			productReference = 457AAF651C20E36E005B3841 /* Tip CalculatorTests.xctest */;
			productType = "com.apple.product-type.bundle.unit-test";
		};
		457AAF6F1C20E36E005B3841 /* Tip CalculatorUITests */ = {
			isa = PBXNativeTarget;
			buildConfigurationList = 457AAF7F1C20E36F005B3841 /* Build configuration list for PBXNativeTarget "Tip CalculatorUITests" */;
			buildPhases = (
				457AAF6C1C20E36E005B3841 /* Sources */,
				457AAF6D1C20E36E005B3841 /* Frameworks */,
				457AAF6E1C20E36E005B3841 /* Resources */,
			);
			buildRules = (
			);
			dependencies = (
				457AAF721C20E36F005B3841 /* PBXTargetDependency */,
			);
			name = "Tip CalculatorUITests";
			productName = "Tip CalculatorUITests";
			productReference = 457AAF701C20E36F005B3841 /* Tip CalculatorUITests.xctest */;
			productType = "com.apple.product-type.bundle.ui-testing";
		};
/* End PBXNativeTarget section */

/* Begin PBXProject section */
		457AAF491C20E36D005B3841 /* Project object */ = {
			isa = PBXProject;
			attributes = {
				LastSwiftUpdateCheck = 0720;
				LastUpgradeCheck = 0720;
				ORGANIZATIONNAME = "Vincent Duong";
				TargetAttributes = {
					457AAF501C20E36D005B3841 = {
						CreatedOnToolsVersion = 7.2;
					};
					457AAF641C20E36E005B3841 = {
						CreatedOnToolsVersion = 7.2;
						TestTargetID = 457AAF501C20E36D005B3841;
					};
					457AAF6F1C20E36E005B3841 = {
						CreatedOnToolsVersion = 7.2;
						TestTargetID = 457AAF501C20E36D005B3841;
					};
				};
			};
			buildConfigurationList = 457AAF4C1C20E36D005B3841 /* Build configuration list for PBXProject "Tip Calculator" */;
			compatibilityVersion = "Xcode 3.2";
			developmentRegion = English;
			hasScannedForEncodings = 0;
			knownRegions = (
				en,
				Base,
			);
			mainGroup = 457AAF481C20E36D005B3841;
			productRefGroup = 457AAF521C20E36E005B3841 /* Products */;
			projectDirPath = "";
			projectRoot = "";
			targets = (
				457AAF501C20E36D005B3841 /* Tip Calculator */,
				457AAF641C20E36E005B3841 /* Tip CalculatorTests */,
				457AAF6F1C20E36E005B3841 /* Tip CalculatorUITests */,
			);
		};
/* End PBXProject section */

/* Begin PBXResourcesBuildPhase section */
		457AAF4F1C20E36D005B3841 /* Resources */ = {
			isa = PBXResourcesBuildPhase;
			buildActionMask = 2147483647;
			files = (
				457AAF5F1C20E36E005B3841 /* LaunchScreen.storyboard in Resources */,
				457AAF5C1C20E36E005B3841 /* Assets.xcassets in Resources */,
				457AAF5A1C20E36E005B3841 /* Main.storyboard in Resources */,
				4566F9271C2B558E00B1A40F /* PastBills.plist in Resources */,
			);
			runOnlyForDeploymentPostprocessing = 0;
		};
		457AAF631C20E36E005B3841 /* Resources */ = {
			isa = PBXResourcesBuildPhase;
			buildActionMask = 2147483647;
			files = (
			);
			runOnlyForDeploymentPostprocessing = 0;
		};
		457AAF6E1C20E36E005B3841 /* Resources */ = {
			isa = PBXResourcesBuildPhase;
			buildActionMask = 2147483647;
			files = (
			);
			runOnlyForDeploymentPostprocessing = 0;
		};
/* End PBXResourcesBuildPhase section */

/* Begin PBXSourcesBuildPhase section */
		457AAF4D1C20E36D005B3841 /* Sources */ = {
			isa = PBXSourcesBuildPhase;
			buildActionMask = 2147483647;
			files = (
				453682661C307756009DA8A7 /* BillsInfoViewController.swift in Sources */,
				453682641C305709009DA8A7 /* BillsTableViewCell.swift in Sources */,
				457AAF571C20E36E005B3841 /* ViewController.swift in Sources */,
				457AAF551C20E36E005B3841 /* AppDelegate.swift in Sources */,
				4566F9241C2B54D500B1A40F /* BillsTableViewController.swift in Sources */,
			);
			runOnlyForDeploymentPostprocessing = 0;
		};
		457AAF611C20E36E005B3841 /* Sources */ = {
			isa = PBXSourcesBuildPhase;
			buildActionMask = 2147483647;
			files = (
				457AAF6A1C20E36E005B3841 /* Tip_CalculatorTests.swift in Sources */,
			);
			runOnlyForDeploymentPostprocessing = 0;
		};
		457AAF6C1C20E36E005B3841 /* Sources */ = {
			isa = PBXSourcesBuildPhase;
			buildActionMask = 2147483647;
			files = (
				457AAF751C20E36F005B3841 /* Tip_CalculatorUITests.swift in Sources */,
			);
			runOnlyForDeploymentPostprocessing = 0;
		};
/* End PBXSourcesBuildPhase section */

/* Begin PBXTargetDependency section */
		457AAF671C20E36E005B3841 /* PBXTargetDependency */ = {
			isa = PBXTargetDependency;
			target = 457AAF501C20E36D005B3841 /* Tip Calculator */;
			targetProxy = 457AAF661C20E36E005B3841 /* PBXContainerItemProxy */;
		};
		457AAF721C20E36F005B3841 /* PBXTargetDependency */ = {
			isa = PBXTargetDependency;
			target = 457AAF501C20E36D005B3841 /* Tip Calculator */;
			targetProxy = 457AAF711C20E36F005B3841 /* PBXContainerItemProxy */;
		};
/* End PBXTargetDependency section */

/* Begin PBXVariantGroup section */
		457AAF581C20E36E005B3841 /* Main.storyboard */ = {
			isa = PBXVariantGroup;
			children = (
				457AAF591C20E36E005B3841 /* Base */,
			);
			name = Main.storyboard;
			sourceTree = "<group>";
		};
		457AAF5D1C20E36E005B3841 /* LaunchScreen.storyboard */ = {
			isa = PBXVariantGroup;
			children = (
				457AAF5E1C20E36E005B3841 /* Base */,
			);
			name = LaunchScreen.storyboard;
			sourceTree = "<group>";
		};
/* End PBXVariantGroup section */

/* Begin XCBuildConfiguration section */
		457AAF771C20E36F005B3841 /* Debug */ = {
			isa = XCBuildConfiguration;
			buildSettings = {
				ALWAYS_SEARCH_USER_PATHS = NO;
				CLANG_CXX_LANGUAGE_STANDARD = "gnu++0x";
				CLANG_CXX_LIBRARY = "libc++";
				CLANG_ENABLE_MODULES = YES;
				CLANG_ENABLE_OBJC_ARC = YES;
				CLANG_WARN_BOOL_CONVERSION = YES;
				CLANG_WARN_CONSTANT_CONVERSION = YES;
				CLANG_WARN_DIRECT_OBJC_ISA_USAGE = YES_ERROR;
				CLANG_WARN_EMPTY_BODY = YES;
				CLANG_WARN_ENUM_CONVERSION = YES;
				CLANG_WARN_INT_CONVERSION = YES;
				CLANG_WARN_OBJC_ROOT_CLASS = YES_ERROR;
				CLANG_WARN_UNREACHABLE_CODE = YES;
				CLANG_WARN__DUPLICATE_METHOD_MATCH = YES;
				"CODE_SIGN_IDENTITY[sdk=iphoneos*]" = "iPhone Developer";
				COPY_PHASE_STRIP = NO;
				DEBUG_INFORMATION_FORMAT = dwarf;
				ENABLE_STRICT_OBJC_MSGSEND = YES;
				ENABLE_TESTABILITY = YES;
				GCC_C_LANGUAGE_STANDARD = gnu99;
				GCC_DYNAMIC_NO_PIC = NO;
				GCC_NO_COMMON_BLOCKS = YES;
				GCC_OPTIMIZATION_LEVEL = 0;
				GCC_PREPROCESSOR_DEFINITIONS = (
					"DEBUG=1",
					"$(inherited)",
				);
				GCC_WARN_64_TO_32_BIT_CONVERSION = YES;
				GCC_WARN_ABOUT_RETURN_TYPE = YES_ERROR;
				GCC_WARN_UNDECLARED_SELECTOR = YES;
				GCC_WARN_UNINITIALIZED_AUTOS = YES_AGGRESSIVE;
				GCC_WARN_UNUSED_FUNCTION = YES;
				GCC_WARN_UNUSED_VARIABLE = YES;
				IPHONEOS_DEPLOYMENT_TARGET = 9.2;
				MTL_ENABLE_DEBUG_INFO = YES;
				ONLY_ACTIVE_ARCH = YES;
				SDKROOT = iphoneos;
				SWIFT_OPTIMIZATION_LEVEL = "-Onone";
			};
			name = Debug;
		};
		457AAF781C20E36F005B3841 /* Release */ = {
			isa = XCBuildConfiguration;
			buildSettings = {
				ALWAYS_SEARCH_USER_PATHS = NO;
				CLANG_CXX_LANGUAGE_STANDARD = "gnu++0x";
				CLANG_CXX_LIBRARY = "libc++";
				CLANG_ENABLE_MODULES = YES;
				CLANG_ENABLE_OBJC_ARC = YES;
				CLANG_WARN_BOOL_CONVERSION = YES;
				CLANG_WARN_CONSTANT_CONVERSION = YES;
				CLANG_WARN_DIRECT_OBJC_ISA_USAGE = YES_ERROR;
				CLANG_WARN_EMPTY_BODY = YES;
				CLANG_WARN_ENUM_CONVERSION = YES;
				CLANG_WARN_INT_CONVERSION = YES;
				CLANG_WARN_OBJC_ROOT_CLASS = YES_ERROR;
				CLANG_WARN_UNREACHABLE_CODE = YES;
				CLANG_WARN__DUPLICATE_METHOD_MATCH = YES;
				"CODE_SIGN_IDENTITY[sdk=iphoneos*]" = "iPhone Developer";
				COPY_PHASE_STRIP = NO;
				DEBUG_INFORMATION_FORMAT = "dwarf-with-dsym";
				ENABLE_NS_ASSERTIONS = NO;
				ENABLE_STRICT_OBJC_MSGSEND = YES;
				GCC_C_LANGUAGE_STANDARD = gnu99;
				GCC_NO_COMMON_BLOCKS = YES;
				GCC_WARN_64_TO_32_BIT_CONVERSION = YES;
				GCC_WARN_ABOUT_RETURN_TYPE = YES_ERROR;
				GCC_WARN_UNDECLARED_SELECTOR = YES;
				GCC_WARN_UNINITIALIZED_AUTOS = YES_AGGRESSIVE;
				GCC_WARN_UNUSED_FUNCTION = YES;
				GCC_WARN_UNUSED_VARIABLE = YES;
				IPHONEOS_DEPLOYMENT_TARGET = 9.2;
				MTL_ENABLE_DEBUG_INFO = NO;
				SDKROOT = iphoneos;
				VALIDATE_PRODUCT = YES;
			};
			name = Release;
		};
		457AAF7A1C20E36F005B3841 /* Debug */ = {
			isa = XCBuildConfiguration;
			buildSettings = {
				ASSETCATALOG_COMPILER_APPICON_NAME = AppIcon;
				INFOPLIST_FILE = "Tip Calculator/Info.plist";
				LD_RUNPATH_SEARCH_PATHS = "$(inherited) @executable_path/Frameworks";
				PRODUCT_BUNDLE_IDENTIFIER = "com.vincentduong.Tip-Calculator";
				PRODUCT_NAME = "$(TARGET_NAME)";
			};
			name = Debug;
		};
		457AAF7B1C20E36F005B3841 /* Release */ = {
			isa = XCBuildConfiguration;
			buildSettings = {
				ASSETCATALOG_COMPILER_APPICON_NAME = AppIcon;
				INFOPLIST_FILE = "Tip Calculator/Info.plist";
				LD_RUNPATH_SEARCH_PATHS = "$(inherited) @executable_path/Frameworks";
				PRODUCT_BUNDLE_IDENTIFIER = "com.vincentduong.Tip-Calculator";
				PRODUCT_NAME = "$(TARGET_NAME)";
			};
			name = Release;
		};
		457AAF7D1C20E36F005B3841 /* Debug */ = {
			isa = XCBuildConfiguration;
			buildSettings = {
				BUNDLE_LOADER = "$(TEST_HOST)";
				INFOPLIST_FILE = "Tip CalculatorTests/Info.plist";
				LD_RUNPATH_SEARCH_PATHS = "$(inherited) @executable_path/Frameworks @loader_path/Frameworks";
				PRODUCT_BUNDLE_IDENTIFIER = "com.vincentduong.Tip-CalculatorTests";
				PRODUCT_NAME = "$(TARGET_NAME)";
				TEST_HOST = "$(BUILT_PRODUCTS_DIR)/Tip Calculator.app/Tip Calculator";
			};
			name = Debug;
		};
		457AAF7E1C20E36F005B3841 /* Release */ = {
			isa = XCBuildConfiguration;
			buildSettings = {
				BUNDLE_LOADER = "$(TEST_HOST)";
				INFOPLIST_FILE = "Tip CalculatorTests/Info.plist";
				LD_RUNPATH_SEARCH_PATHS = "$(inherited) @executable_path/Frameworks @loader_path/Frameworks";
				PRODUCT_BUNDLE_IDENTIFIER = "com.vincentduong.Tip-CalculatorTests";
				PRODUCT_NAME = "$(TARGET_NAME)";
				TEST_HOST = "$(BUILT_PRODUCTS_DIR)/Tip Calculator.app/Tip Calculator";
			};
			name = Release;
		};
		457AAF801C20E36F005B3841 /* Debug */ = {
			isa = XCBuildConfiguration;
			buildSettings = {
				INFOPLIST_FILE = "Tip CalculatorUITests/Info.plist";
				LD_RUNPATH_SEARCH_PATHS = "$(inherited) @executable_path/Frameworks @loader_path/Frameworks";
				PRODUCT_BUNDLE_IDENTIFIER = "com.vincentduong.Tip-CalculatorUITests";
				PRODUCT_NAME = "$(TARGET_NAME)";
				TEST_TARGET_NAME = "Tip Calculator";
				USES_XCTRUNNER = YES;
			};
			name = Debug;
		};
		457AAF811C20E36F005B3841 /* Release */ = {
			isa = XCBuildConfiguration;
			buildSettings = {
				INFOPLIST_FILE = "Tip CalculatorUITests/Info.plist";
				LD_RUNPATH_SEARCH_PATHS = "$(inherited) @executable_path/Frameworks @loader_path/Frameworks";
				PRODUCT_BUNDLE_IDENTIFIER = "com.vincentduong.Tip-CalculatorUITests";
				PRODUCT_NAME = "$(TARGET_NAME)";
				TEST_TARGET_NAME = "Tip Calculator";
				USES_XCTRUNNER = YES;
			};
			name = Release;
		};
/* End XCBuildConfiguration section */

/* Begin XCConfigurationList section */
		457AAF4C1C20E36D005B3841 /* Build configuration list for PBXProject "Tip Calculator" */ = {
			isa = XCConfigurationList;
			buildConfigurations = (
				457AAF771C20E36F005B3841 /* Debug */,
				457AAF781C20E36F005B3841 /* Release */,
			);
			defaultConfigurationIsVisible = 0;
			defaultConfigurationName = Release;
		};
		457AAF791C20E36F005B3841 /* Build configuration list for PBXNativeTarget "Tip Calculator" */ = {
			isa = XCConfigurationList;
			buildConfigurations = (
				457AAF7A1C20E36F005B3841 /* Debug */,
				457AAF7B1C20E36F005B3841 /* Release */,
			);
			defaultConfigurationIsVisible = 0;
			defaultConfigurationName = Release;
		};
		457AAF7C1C20E36F005B3841 /* Build configuration list for PBXNativeTarget "Tip CalculatorTests" */ = {
			isa = XCConfigurationList;
			buildConfigurations = (
				457AAF7D1C20E36F005B3841 /* Debug */,
				457AAF7E1C20E36F005B3841 /* Release */,
			);
			defaultConfigurationIsVisible = 0;
			defaultConfigurationName = Release;
		};
		457AAF7F1C20E36F005B3841 /* Build configuration list for PBXNativeTarget "Tip CalculatorUITests" */ = {
			isa = XCConfigurationList;
			buildConfigurations = (
				457AAF801C20E36F005B3841 /* Debug */,
				457AAF811C20E36F005B3841 /* Release */,
			);
			defaultConfigurationIsVisible = 0;
			defaultConfigurationName = Release;
		};
/* End XCConfigurationList section */
	};
	rootObject = 457AAF491C20E36D005B3841 /* Project object */;
}
